
Microsoft Visual Studio Solution File, Format Version 12.00
# Visual Studio Version 17
VisualStudioVersion = 17.6.33829.357
MinimumVisualStudioVersion = 10.0.40219.1
Project("{FAE04EC0-301F-11D3-BF4B-00C04F79EFBC}") = "ChallengeCacibNY.Core", "ChallengeCacibNY.Core\ChallengeCacibNY.Core.csproj", "{E6302F14-DF00-43C2-B9D6-99CF911C082A}"
EndProject
Project("{2150E333-8FDC-42A3-9474-1A3956D46DE8}") = "Solution Items", "Solution Items", "{F67C32B4-63D7-4CCE-B655-11AAFCD4047F}"
	ProjectSection(SolutionItems) = preProject
		README.md = README.md
		RoadMap.md = RoadMap.md
		ToDo.md = ToDo.md
	EndProjectSection
EndProject
Project("{FAE04EC0-301F-11D3-BF4B-00C04F79EFBC}") = "ChallengeCacibNY.Api", "ChallengeCacibNY.Api\ChallengeCacibNY.Api.csproj", "{C9605190-2678-4159-8FF3-DD30873D6A64}"
EndProject
Project("{FAE04EC0-301F-11D3-BF4B-00C04F79EFBC}") = "ChallengeCacibNY.Tests", "ChallengeCacibNY.Tests\ChallengeCacibNY.Tests.csproj", "{67D9D6CC-0225-4B05-8F4A-FE04FA9A17D6}"
EndProject
Global
	GlobalSection(SolutionConfigurationPlatforms) = preSolution
		Debug|Any CPU = Debug|Any CPU
		Release|Any CPU = Release|Any CPU
	EndGlobalSection
	GlobalSection(ProjectConfigurationPlatforms) = postSolution
		{E6302F14-DF00-43C2-B9D6-99CF911C082A}.Debug|Any CPU.ActiveCfg = Debug|Any CPU
		{E6302F14-DF00-43C2-B9D6-99CF911C082A}.Debug|Any CPU.Build.0 = Debug|Any CPU
		{E6302F14-DF00-43C2-B9D6-99CF911C082A}.Release|Any CPU.ActiveCfg = Release|Any CPU
		{E6302F14-DF00-43C2-B9D6-99CF911C082A}.Release|Any CPU.Build.0 = Release|Any CPU
		{C9605190-2678-4159-8FF3-DD30873D6A64}.Debug|Any CPU.ActiveCfg = Debug|Any CPU
		{C9605190-2678-4159-8FF3-DD30873D6A64}.Debug|Any CPU.Build.0 = Debug|Any CPU
		{C9605190-2678-4159-8FF3-DD30873D6A64}.Release|Any CPU.ActiveCfg = Release|Any CPU
		{C9605190-2678-4159-8FF3-DD30873D6A64}.Release|Any CPU.Build.0 = Release|Any CPU
		{67D9D6CC-0225-4B05-8F4A-FE04FA9A17D6}.Debug|Any CPU.ActiveCfg = Debug|Any CPU
		{67D9D6CC-0225-4B05-8F4A-FE04FA9A17D6}.Debug|Any CPU.Build.0 = Debug|Any CPU
		{67D9D6CC-0225-4B05-8F4A-FE04FA9A17D6}.Release|Any CPU.ActiveCfg = Release|Any CPU
		{67D9D6CC-0225-4B05-8F4A-FE04FA9A17D6}.Release|Any CPU.Build.0 = Release|Any CPU
	EndGlobalSection
	GlobalSection(SolutionProperties) = preSolution
		HideSolutionNode = FALSE
	EndGlobalSection
	GlobalSection(ExtensibilityGlobals) = postSolution
		SolutionGuid = {5382EE5E-C246-41A1-BD1D-07129BD5F3E6}
	EndGlobalSection
EndGlobal
